
Microsoft Visual Studio Solution File, Format Version 12.00
# Visual Studio 15
VisualStudioVersion = 15.0.27703.2018
MinimumVisualStudioVersion = 10.0.40219.1
Project("{FAE04EC0-301F-11D3-BF4B-00C04F79EFBC}") = "WebApi-EnMetodosHttp", "WebApi-EnMetodosHttp\WebApi-EnMetodosHttp.csproj", "{FB1755A0-0EF2-4E30-AB73-C4BCCAE0E7D9}"
EndProject
Project("{FAE04EC0-301F-11D3-BF4B-00C04F79EFBC}") = "ClienteWF-EnMetodosHttp", "ClienteWF-EnMetodosHttp\ClienteWF-EnMetodosHttp.csproj", "{5B8E2CCF-5A66-4234-8762-4F61CC336D64}"
EndProject
Project("{FAE04EC0-301F-11D3-BF4B-00C04F79EFBC}") = "WebApiClientLibrary", "WebApiClientLibrary\WebApiClientLibrary.csproj", "{43A325F5-9D03-44AF-A583-7404CA643394}"
EndProject
Project("{FAE04EC0-301F-11D3-BF4B-00C04F79EFBC}") = "WebApi-EnNomAcciones", "WebApi-EnNomAcciones\WebApi-EnNomAcciones.csproj", "{B593BC81-0C59-4E4E-AFF7-1DB42AA28A9D}"
EndProject
Global
	GlobalSection(SolutionConfigurationPlatforms) = preSolution
		Debug|Any CPU = Debug|Any CPU
		Release|Any CPU = Release|Any CPU
	EndGlobalSection
	GlobalSection(ProjectConfigurationPlatforms) = postSolution
		{FB1755A0-0EF2-4E30-AB73-C4BCCAE0E7D9}.Debug|Any CPU.ActiveCfg = Debug|Any CPU
		{FB1755A0-0EF2-4E30-AB73-C4BCCAE0E7D9}.Debug|Any CPU.Build.0 = Debug|Any CPU
		{FB1755A0-0EF2-4E30-AB73-C4BCCAE0E7D9}.Release|Any CPU.ActiveCfg = Release|Any CPU
		{FB1755A0-0EF2-4E30-AB73-C4BCCAE0E7D9}.Release|Any CPU.Build.0 = Release|Any CPU
		{5B8E2CCF-5A66-4234-8762-4F61CC336D64}.Debug|Any CPU.ActiveCfg = Debug|Any CPU
		{5B8E2CCF-5A66-4234-8762-4F61CC336D64}.Debug|Any CPU.Build.0 = Debug|Any CPU
		{5B8E2CCF-5A66-4234-8762-4F61CC336D64}.Release|Any CPU.ActiveCfg = Release|Any CPU
		{5B8E2CCF-5A66-4234-8762-4F61CC336D64}.Release|Any CPU.Build.0 = Release|Any CPU
		{43A325F5-9D03-44AF-A583-7404CA643394}.Debug|Any CPU.ActiveCfg = Debug|Any CPU
		{43A325F5-9D03-44AF-A583-7404CA643394}.Debug|Any CPU.Build.0 = Debug|Any CPU
		{43A325F5-9D03-44AF-A583-7404CA643394}.Release|Any CPU.ActiveCfg = Release|Any CPU
		{43A325F5-9D03-44AF-A583-7404CA643394}.Release|Any CPU.Build.0 = Release|Any CPU
		{B593BC81-0C59-4E4E-AFF7-1DB42AA28A9D}.Debug|Any CPU.ActiveCfg = Debug|Any CPU
		{B593BC81-0C59-4E4E-AFF7-1DB42AA28A9D}.Debug|Any CPU.Build.0 = Debug|Any CPU
		{B593BC81-0C59-4E4E-AFF7-1DB42AA28A9D}.Release|Any CPU.ActiveCfg = Release|Any CPU
		{B593BC81-0C59-4E4E-AFF7-1DB42AA28A9D}.Release|Any CPU.Build.0 = Release|Any CPU
	EndGlobalSection
	GlobalSection(SolutionProperties) = preSolution
		HideSolutionNode = FALSE
	EndGlobalSection
	GlobalSection(ExtensibilityGlobals) = postSolution
		SolutionGuid = {BE9CAFDB-BB31-46CD-8717-DB72026F34A9}
	EndGlobalSection
EndGlobal
