
Microsoft Visual Studio Solution File, Format Version 12.00
# Visual Studio 15
VisualStudioVersion = 15.0.27428.2037
MinimumVisualStudioVersion = 10.0.40219.1
Project("{FAE04EC0-301F-11D3-BF4B-00C04F79EFBC}") = "Leccion1_Implementado Multitareas", "Leccion1_Implementado Multitareas\Leccion1_Implementado Multitareas.csproj", "{AC939377-7200-4BD7-9DF4-0B704164154B}"
EndProject
Project("{FAE04EC0-301F-11D3-BF4B-00C04F79EFBC}") = "Leccion2_Procesamiento Paralelo", "Leccion2_Procesamiento Paralelo\Leccion2_Procesamiento Paralelo.csproj", "{525FED14-52E1-402C-AF73-000692C292E0}"
EndProject
Project("{FAE04EC0-301F-11D3-BF4B-00C04F79EFBC}") = "Leccion3_Utilizando el Objeto Dispatcher", "Leccion3_Utilizando el Objeto Dispatcher\Leccion3_Utilizando el Objeto Dispatcher.csproj", "{E716BA1E-A3D8-4729-811F-1A65626598BA}"
EndProject
Project("{FAE04EC0-301F-11D3-BF4B-00C04F79EFBC}") = "Leccion3_Utilizando async y await", "Leccion3_Utilizando async y await\Leccion3_Utilizando async y await.csproj", "{A8C52ECA-786C-4DE8-91E9-14A66F9A5ACA}"
EndProject
Global
	GlobalSection(SolutionConfigurationPlatforms) = preSolution
		Debug|Any CPU = Debug|Any CPU
		Release|Any CPU = Release|Any CPU
	EndGlobalSection
	GlobalSection(ProjectConfigurationPlatforms) = postSolution
		{AC939377-7200-4BD7-9DF4-0B704164154B}.Debug|Any CPU.ActiveCfg = Debug|Any CPU
		{AC939377-7200-4BD7-9DF4-0B704164154B}.Debug|Any CPU.Build.0 = Debug|Any CPU
		{AC939377-7200-4BD7-9DF4-0B704164154B}.Release|Any CPU.ActiveCfg = Release|Any CPU
		{AC939377-7200-4BD7-9DF4-0B704164154B}.Release|Any CPU.Build.0 = Release|Any CPU
		{525FED14-52E1-402C-AF73-000692C292E0}.Debug|Any CPU.ActiveCfg = Debug|Any CPU
		{525FED14-52E1-402C-AF73-000692C292E0}.Debug|Any CPU.Build.0 = Debug|Any CPU
		{525FED14-52E1-402C-AF73-000692C292E0}.Release|Any CPU.ActiveCfg = Release|Any CPU
		{525FED14-52E1-402C-AF73-000692C292E0}.Release|Any CPU.Build.0 = Release|Any CPU
		{E716BA1E-A3D8-4729-811F-1A65626598BA}.Debug|Any CPU.ActiveCfg = Debug|Any CPU
		{E716BA1E-A3D8-4729-811F-1A65626598BA}.Debug|Any CPU.Build.0 = Debug|Any CPU
		{E716BA1E-A3D8-4729-811F-1A65626598BA}.Release|Any CPU.ActiveCfg = Release|Any CPU
		{E716BA1E-A3D8-4729-811F-1A65626598BA}.Release|Any CPU.Build.0 = Release|Any CPU
		{A8C52ECA-786C-4DE8-91E9-14A66F9A5ACA}.Debug|Any CPU.ActiveCfg = Debug|Any CPU
		{A8C52ECA-786C-4DE8-91E9-14A66F9A5ACA}.Debug|Any CPU.Build.0 = Debug|Any CPU
		{A8C52ECA-786C-4DE8-91E9-14A66F9A5ACA}.Release|Any CPU.ActiveCfg = Release|Any CPU
		{A8C52ECA-786C-4DE8-91E9-14A66F9A5ACA}.Release|Any CPU.Build.0 = Release|Any CPU
	EndGlobalSection
	GlobalSection(SolutionProperties) = preSolution
		HideSolutionNode = FALSE
	EndGlobalSection
	GlobalSection(ExtensibilityGlobals) = postSolution
		SolutionGuid = {C75D8219-1E58-4DAA-9566-A1AC4FFB66BA}
	EndGlobalSection
EndGlobal
