
Microsoft Visual Studio Solution File, Format Version 12.00
# Visual Studio 15
VisualStudioVersion = 15.0.27130.2036
MinimumVisualStudioVersion = 10.0.40219.1
Project("{FAE04EC0-301F-11D3-BF4B-00C04F79EFBC}") = "Leccion1_Implementado Multitareas", "Leccion1_Implementado Multitareas\Leccion1_Implementado Multitareas.csproj", "{AC939377-7200-4BD7-9DF4-0B704164154B}"
EndProject
Global
	GlobalSection(SolutionConfigurationPlatforms) = preSolution
		Debug|Any CPU = Debug|Any CPU
		Release|Any CPU = Release|Any CPU
	EndGlobalSection
	GlobalSection(ProjectConfigurationPlatforms) = postSolution
		{AC939377-7200-4BD7-9DF4-0B704164154B}.Debug|Any CPU.ActiveCfg = Debug|Any CPU
		{AC939377-7200-4BD7-9DF4-0B704164154B}.Debug|Any CPU.Build.0 = Debug|Any CPU
		{AC939377-7200-4BD7-9DF4-0B704164154B}.Release|Any CPU.ActiveCfg = Release|Any CPU
		{AC939377-7200-4BD7-9DF4-0B704164154B}.Release|Any CPU.Build.0 = Release|Any CPU
	EndGlobalSection
	GlobalSection(SolutionProperties) = preSolution
		HideSolutionNode = FALSE
	EndGlobalSection
	GlobalSection(ExtensibilityGlobals) = postSolution
		SolutionGuid = {C75D8219-1E58-4DAA-9566-A1AC4FFB66BA}
	EndGlobalSection
EndGlobal
