
Microsoft Visual Studio Solution File, Format Version 12.00
# Visual Studio 15
VisualStudioVersion = 15.0.27428.2037
MinimumVisualStudioVersion = 10.0.40219.1
Project("{FAE04EC0-301F-11D3-BF4B-00C04F79EFBC}") = "Leccion1_Implementado Multitareas", "Leccion1_Implementado Multitareas\Leccion1_Implementado Multitareas.csproj", "{AC939377-7200-4BD7-9DF4-0B704164154B}"
EndProject
Project("{FAE04EC0-301F-11D3-BF4B-00C04F79EFBC}") = "Leccion2_Procesamiento Paralelo", "Leccion2_Procesamiento Paralelo\Leccion2_Procesamiento Paralelo.csproj", "{525FED14-52E1-402C-AF73-000692C292E0}"
EndProject
Project("{FAE04EC0-301F-11D3-BF4B-00C04F79EFBC}") = "Leccion3_Utilizando el Objeto Dispatcher", "Leccion3_Utilizando el Objeto Dispatcher\Leccion3_Utilizando el Objeto Dispatcher.csproj", "{E716BA1E-A3D8-4729-811F-1A65626598BA}"
EndProject
Project("{FAE04EC0-301F-11D3-BF4B-00C04F79EFBC}") = "Leccion3_Utilizando async y await", "Leccion3_Utilizando async y await\Leccion3_Utilizando async y await.csproj", "{A8C52ECA-786C-4DE8-91E9-14A66F9A5ACA}"
EndProject
Project("{FAE04EC0-301F-11D3-BF4B-00C04F79EFBC}") = "Leccion3_Creando Metodos Esperables", "Leccion3_Creando Metodos Esperables\Leccion3_Creando Metodos Esperables.csproj", "{053B9713-55AF-40B6-B347-2FAA1446F061}"
EndProject
Project("{FAE04EC0-301F-11D3-BF4B-00C04F79EFBC}") = "Leccion3_Creando e Invocando Metodos Callback", "Leccion3_Creando e Invocando Metodos Callback\Leccion3_Creando e Invocando Metodos Callback.csproj", "{C29871BA-6417-41BA-A7CE-767122E6DD4A}"
EndProject
Project("{FAE04EC0-301F-11D3-BF4B-00C04F79EFBC}") = "Leccion3_Trabajando con Operaciones APM", "Leccion3_Trabajando con Operaciones APM\Leccion3_Trabajando con Operaciones APM.csproj", "{9A1BD87F-54FE-4B1D-B313-BF6E7D7FD0E0}"
EndProject
Project("{FAE04EC0-301F-11D3-BF4B-00C04F79EFBC}") = "Leccion3_Manejando excepciones en Awaitable Method", "Leccion3_Manejando excepciones en Awaitable Method\Leccion3_Manejando excepciones en Awaitable Method.csproj", "{ACA5029A-616C-4C71-B285-8F9AC8ABFAA6}"
EndProject
Project("{FAE04EC0-301F-11D3-BF4B-00C04F79EFBC}") = "Leccion4_Utilizando Bloqueos", "Leccion4_Utilizando Bloqueos\Leccion4_Utilizando Bloqueos.csproj", "{E0423154-6AFF-4CB0-9BE5-4F1E7E21C9EF}"
EndProject
Project("{FAE04EC0-301F-11D3-BF4B-00C04F79EFBC}") = "Leccion4_Utilizando Bloqueos_WcfSample", "Leccion4_Utilizando Bloqueos_WcfSample\Leccion4_Utilizando Bloqueos_WcfSample.csproj", "{671F997C-85AC-424F-8DD0-43E95C89F76D}"
EndProject
Project("{2150E333-8FDC-42A3-9474-1A3956D46DE8}") = "Samples", "Samples", "{67DC8CA0-B9F9-4238-BCA9-DED8AF33C09D}"
EndProject
Project("{FAE04EC0-301F-11D3-BF4B-00C04F79EFBC}") = "Leccion4_Utilizando Bloqueos_WcfClienteSample", "Leccion4_Utilizando Bloqueos_WcfClienteSample\Leccion4_Utilizando Bloqueos_WcfClienteSample.csproj", "{F8B9E773-FC7F-4DEB-B705-D5CE767C6F11}"
	ProjectSection(ProjectDependencies) = postProject
		{671F997C-85AC-424F-8DD0-43E95C89F76D} = {671F997C-85AC-424F-8DD0-43E95C89F76D}
	EndProjectSection
EndProject
Project("{FAE04EC0-301F-11D3-BF4B-00C04F79EFBC}") = "Leccion4_PSC_ManualResetEventSlim", "Leccion4_PSC_ManualResetEventSlim\Leccion4_PSC_ManualResetEventSlim.csproj", "{C8C39E61-9B5E-46C8-ACCB-8F02A728C08A}"
EndProject
Project("{FAE04EC0-301F-11D3-BF4B-00C04F79EFBC}") = "Leccion4_PSC_SemaphoreSlim", "Leccion4_PSC_SemaphoreSlim\Leccion4_PSC_SemaphoreSlim.csproj", "{AFA4C463-3BB3-47D0-B582-763AB420CD5D}"
EndProject
Global
	GlobalSection(SolutionConfigurationPlatforms) = preSolution
		Debug|Any CPU = Debug|Any CPU
		Release|Any CPU = Release|Any CPU
	EndGlobalSection
	GlobalSection(ProjectConfigurationPlatforms) = postSolution
		{AC939377-7200-4BD7-9DF4-0B704164154B}.Debug|Any CPU.ActiveCfg = Debug|Any CPU
		{AC939377-7200-4BD7-9DF4-0B704164154B}.Debug|Any CPU.Build.0 = Debug|Any CPU
		{AC939377-7200-4BD7-9DF4-0B704164154B}.Release|Any CPU.ActiveCfg = Release|Any CPU
		{AC939377-7200-4BD7-9DF4-0B704164154B}.Release|Any CPU.Build.0 = Release|Any CPU
		{525FED14-52E1-402C-AF73-000692C292E0}.Debug|Any CPU.ActiveCfg = Debug|Any CPU
		{525FED14-52E1-402C-AF73-000692C292E0}.Debug|Any CPU.Build.0 = Debug|Any CPU
		{525FED14-52E1-402C-AF73-000692C292E0}.Release|Any CPU.ActiveCfg = Release|Any CPU
		{525FED14-52E1-402C-AF73-000692C292E0}.Release|Any CPU.Build.0 = Release|Any CPU
		{E716BA1E-A3D8-4729-811F-1A65626598BA}.Debug|Any CPU.ActiveCfg = Debug|Any CPU
		{E716BA1E-A3D8-4729-811F-1A65626598BA}.Debug|Any CPU.Build.0 = Debug|Any CPU
		{E716BA1E-A3D8-4729-811F-1A65626598BA}.Release|Any CPU.ActiveCfg = Release|Any CPU
		{E716BA1E-A3D8-4729-811F-1A65626598BA}.Release|Any CPU.Build.0 = Release|Any CPU
		{A8C52ECA-786C-4DE8-91E9-14A66F9A5ACA}.Debug|Any CPU.ActiveCfg = Debug|Any CPU
		{A8C52ECA-786C-4DE8-91E9-14A66F9A5ACA}.Debug|Any CPU.Build.0 = Debug|Any CPU
		{A8C52ECA-786C-4DE8-91E9-14A66F9A5ACA}.Release|Any CPU.ActiveCfg = Release|Any CPU
		{A8C52ECA-786C-4DE8-91E9-14A66F9A5ACA}.Release|Any CPU.Build.0 = Release|Any CPU
		{053B9713-55AF-40B6-B347-2FAA1446F061}.Debug|Any CPU.ActiveCfg = Debug|Any CPU
		{053B9713-55AF-40B6-B347-2FAA1446F061}.Debug|Any CPU.Build.0 = Debug|Any CPU
		{053B9713-55AF-40B6-B347-2FAA1446F061}.Release|Any CPU.ActiveCfg = Release|Any CPU
		{053B9713-55AF-40B6-B347-2FAA1446F061}.Release|Any CPU.Build.0 = Release|Any CPU
		{C29871BA-6417-41BA-A7CE-767122E6DD4A}.Debug|Any CPU.ActiveCfg = Debug|Any CPU
		{C29871BA-6417-41BA-A7CE-767122E6DD4A}.Debug|Any CPU.Build.0 = Debug|Any CPU
		{C29871BA-6417-41BA-A7CE-767122E6DD4A}.Release|Any CPU.ActiveCfg = Release|Any CPU
		{C29871BA-6417-41BA-A7CE-767122E6DD4A}.Release|Any CPU.Build.0 = Release|Any CPU
		{9A1BD87F-54FE-4B1D-B313-BF6E7D7FD0E0}.Debug|Any CPU.ActiveCfg = Debug|Any CPU
		{9A1BD87F-54FE-4B1D-B313-BF6E7D7FD0E0}.Debug|Any CPU.Build.0 = Debug|Any CPU
		{9A1BD87F-54FE-4B1D-B313-BF6E7D7FD0E0}.Release|Any CPU.ActiveCfg = Release|Any CPU
		{9A1BD87F-54FE-4B1D-B313-BF6E7D7FD0E0}.Release|Any CPU.Build.0 = Release|Any CPU
		{ACA5029A-616C-4C71-B285-8F9AC8ABFAA6}.Debug|Any CPU.ActiveCfg = Debug|Any CPU
		{ACA5029A-616C-4C71-B285-8F9AC8ABFAA6}.Debug|Any CPU.Build.0 = Debug|Any CPU
		{ACA5029A-616C-4C71-B285-8F9AC8ABFAA6}.Release|Any CPU.ActiveCfg = Release|Any CPU
		{ACA5029A-616C-4C71-B285-8F9AC8ABFAA6}.Release|Any CPU.Build.0 = Release|Any CPU
		{E0423154-6AFF-4CB0-9BE5-4F1E7E21C9EF}.Debug|Any CPU.ActiveCfg = Debug|Any CPU
		{E0423154-6AFF-4CB0-9BE5-4F1E7E21C9EF}.Debug|Any CPU.Build.0 = Debug|Any CPU
		{E0423154-6AFF-4CB0-9BE5-4F1E7E21C9EF}.Release|Any CPU.ActiveCfg = Release|Any CPU
		{E0423154-6AFF-4CB0-9BE5-4F1E7E21C9EF}.Release|Any CPU.Build.0 = Release|Any CPU
		{671F997C-85AC-424F-8DD0-43E95C89F76D}.Debug|Any CPU.ActiveCfg = Debug|Any CPU
		{671F997C-85AC-424F-8DD0-43E95C89F76D}.Debug|Any CPU.Build.0 = Debug|Any CPU
		{671F997C-85AC-424F-8DD0-43E95C89F76D}.Release|Any CPU.ActiveCfg = Release|Any CPU
		{671F997C-85AC-424F-8DD0-43E95C89F76D}.Release|Any CPU.Build.0 = Release|Any CPU
		{F8B9E773-FC7F-4DEB-B705-D5CE767C6F11}.Debug|Any CPU.ActiveCfg = Debug|Any CPU
		{F8B9E773-FC7F-4DEB-B705-D5CE767C6F11}.Debug|Any CPU.Build.0 = Debug|Any CPU
		{F8B9E773-FC7F-4DEB-B705-D5CE767C6F11}.Release|Any CPU.ActiveCfg = Release|Any CPU
		{F8B9E773-FC7F-4DEB-B705-D5CE767C6F11}.Release|Any CPU.Build.0 = Release|Any CPU
		{C8C39E61-9B5E-46C8-ACCB-8F02A728C08A}.Debug|Any CPU.ActiveCfg = Debug|Any CPU
		{C8C39E61-9B5E-46C8-ACCB-8F02A728C08A}.Debug|Any CPU.Build.0 = Debug|Any CPU
		{C8C39E61-9B5E-46C8-ACCB-8F02A728C08A}.Release|Any CPU.ActiveCfg = Release|Any CPU
		{C8C39E61-9B5E-46C8-ACCB-8F02A728C08A}.Release|Any CPU.Build.0 = Release|Any CPU
		{AFA4C463-3BB3-47D0-B582-763AB420CD5D}.Debug|Any CPU.ActiveCfg = Debug|Any CPU
		{AFA4C463-3BB3-47D0-B582-763AB420CD5D}.Debug|Any CPU.Build.0 = Debug|Any CPU
		{AFA4C463-3BB3-47D0-B582-763AB420CD5D}.Release|Any CPU.ActiveCfg = Release|Any CPU
		{AFA4C463-3BB3-47D0-B582-763AB420CD5D}.Release|Any CPU.Build.0 = Release|Any CPU
	EndGlobalSection
	GlobalSection(SolutionProperties) = preSolution
		HideSolutionNode = FALSE
	EndGlobalSection
	GlobalSection(NestedProjects) = preSolution
		{671F997C-85AC-424F-8DD0-43E95C89F76D} = {67DC8CA0-B9F9-4238-BCA9-DED8AF33C09D}
		{F8B9E773-FC7F-4DEB-B705-D5CE767C6F11} = {67DC8CA0-B9F9-4238-BCA9-DED8AF33C09D}
	EndGlobalSection
	GlobalSection(ExtensibilityGlobals) = postSolution
		SolutionGuid = {C75D8219-1E58-4DAA-9566-A1AC4FFB66BA}
	EndGlobalSection
EndGlobal
